
Microsoft Visual Studio Solution File, Format Version 12.00
# Visual Studio Version 17
VisualStudioVersion = 17.14.36616.10
MinimumVisualStudioVersion = 10.0.40219.1
Project("{FAE04EC0-301F-11D3-BF4B-00C04F79EFBC}") = "CSharpSyntaxsis", "CSharpSyntaxsis\CSharpSyntaxsis.csproj", "{37AFD8F4-731F-47F1-BD35-F28AB0B4C6C6}"
EndProject
Project("{FAE04EC0-301F-11D3-BF4B-00C04F79EFBC}") = "TestLibrary", "TestLibrary\TestLibrary.csproj", "{2C7B9362-19D5-4103-9C40-7353BB1AF6C3}"
EndProject
Project("{FAE04EC0-301F-11D3-BF4B-00C04F79EFBC}") = "Inheritance", "Inheritance\Inheritance.csproj", "{7C2E2F00-7662-4C22-8803-D2F9308CC8B1}"
EndProject
Project("{FAE04EC0-301F-11D3-BF4B-00C04F79EFBC}") = "JPhoneTask", "JPhoneTask\JPhoneTask.csproj", "{05B26EB8-5234-4FA2-BE9F-1AC98D17D020}"
EndProject
Project("{FAE04EC0-301F-11D3-BF4B-00C04F79EFBC}") = "StudentCrud", "StudentCrud\StudentCrud.csproj", "{1DB27F07-824E-4C64-B9CA-13D25F384DAB}"
EndProject
Project("{FAE04EC0-301F-11D3-BF4B-00C04F79EFBC}") = "VehicleMS", "VehicleMS\VehicleMS.csproj", "{61C63D21-4435-4D37-A0BD-497536712F50}"
EndProject
Project("{FAE04EC0-301F-11D3-BF4B-00C04F79EFBC}") = "BookManagmentSystem", "BookManagmentSystem\BookManagmentSystem.csproj", "{0D8B9C39-9EFE-44E2-B5C9-258BBC2650D1}"
EndProject
Project("{FAE04EC0-301F-11D3-BF4B-00C04F79EFBC}") = "ConsoleApp1", "ConsoleApp1\ConsoleApp1.csproj", "{C0ADD278-BD2D-41DE-8C24-E998C7EA3E98}"
EndProject
Project("{FAE04EC0-301F-11D3-BF4B-00C04F79EFBC}") = "Generics", "Generics\Generics.csproj", "{AA484970-0474-4405-8994-A1FC7E037A69}"
EndProject
Project("{FAE04EC0-301F-11D3-BF4B-00C04F79EFBC}") = "Delegates", "Delegates\Delegates.csproj", "{0E82DA3A-93FA-4305-903B-1CD5D4C21305}"
EndProject
Project("{FAE04EC0-301F-11D3-BF4B-00C04F79EFBC}") = "QuizExplain", "QuizExplain\QuizExplain.csproj", "{A83C337F-7076-4D84-8490-5A4B9D074A63}"
EndProject
Project("{FAE04EC0-301F-11D3-BF4B-00C04F79EFBC}") = "StudentCrudWithDelegate", "StudentCrudWithDelegate\StudentCrudWithDelegate.csproj", "{0C18D1EF-3BAD-41B5-B160-1824BE600977}"
EndProject
Project("{FAE04EC0-301F-11D3-BF4B-00C04F79EFBC}") = "InterfacesAndExceptionHandling", "InterfacesAndExceptionHandling\InterfacesAndExceptionHandling.csproj", "{EDB5F02C-BAD1-434E-B08C-411816A12C05}"
EndProject
Project("{FAE04EC0-301F-11D3-BF4B-00C04F79EFBC}") = "NullableTypesException", "NullableTypesException\NullableTypesException.csproj", "{FDC3DB5E-E23A-4A6A-8B9B-DC1FF2319BD3}"
EndProject
Project("{FAE04EC0-301F-11D3-BF4B-00C04F79EFBC}") = "DelegateTasks", "DelegateTasks\DelegateTasks.csproj", "{C9144B6D-05B4-463C-9EA2-DB680F08B125}"
EndProject
Project("{FAE04EC0-301F-11D3-BF4B-00C04F79EFBC}") = "XOGame", "XOGame\XOGame.csproj", "{2687CB8A-25F8-4A68-B0F5-58D42210A7C7}"
EndProject
Project("{FAE04EC0-301F-11D3-BF4B-00C04F79EFBC}") = "EventsInNet", "EventsInNet\EventsInNet.csproj", "{6DD879AA-22CB-42E1-AB7A-20DFF8D69360}"
EndProject
Project("{2150E333-8FDC-42A3-9474-1A3956D46DE8}") = "src", "src", "{02EA681E-C7D8-13C7-8484-4AC65E1B71E8}"
EndProject
Project("{2150E333-8FDC-42A3-9474-1A3956D46DE8}") = "academy", "academy", "{C3EB0200-B322-4E5A-844C-49D7834C59BA}"
EndProject
Project("{FAE04EC0-301F-11D3-BF4B-00C04F79EFBC}") = "Academy.DataAccessLayer", "Academy.DataAccessLayer\Academy.DataAccessLayer.csproj", "{D1C286B7-AB69-4ECB-9262-CD55D70157D8}"
EndProject
Project("{FAE04EC0-301F-11D3-BF4B-00C04F79EFBC}") = "Academy.BusinessLogicLayer", "Academy.BusinessLogicLayer\Academy.BusinessLogicLayer.csproj", "{81105F2A-F78B-4EF3-929F-57B3F112ACAC}"
EndProject
Project("{FAE04EC0-301F-11D3-BF4B-00C04F79EFBC}") = "Academy.ConsoleUI", "Academy.ConsoleUI\Academy.ConsoleUI.csproj", "{65E2A175-22AF-40BE-91E5-793EBE2CF161}"
EndProject
Project("{FAE04EC0-301F-11D3-BF4B-00C04F79EFBC}") = "WorkingWithFiles", "WorkingWithFiles\WorkingWithFiles.csproj", "{791BE3D2-C572-4D08-93A6-BB04800B6FCE}"
EndProject
Global
	GlobalSection(SolutionConfigurationPlatforms) = preSolution
		Debug|Any CPU = Debug|Any CPU
		Release|Any CPU = Release|Any CPU
	EndGlobalSection
	GlobalSection(ProjectConfigurationPlatforms) = postSolution
		{37AFD8F4-731F-47F1-BD35-F28AB0B4C6C6}.Debug|Any CPU.ActiveCfg = Debug|Any CPU
		{37AFD8F4-731F-47F1-BD35-F28AB0B4C6C6}.Debug|Any CPU.Build.0 = Debug|Any CPU
		{37AFD8F4-731F-47F1-BD35-F28AB0B4C6C6}.Release|Any CPU.ActiveCfg = Release|Any CPU
		{37AFD8F4-731F-47F1-BD35-F28AB0B4C6C6}.Release|Any CPU.Build.0 = Release|Any CPU
		{2C7B9362-19D5-4103-9C40-7353BB1AF6C3}.Debug|Any CPU.ActiveCfg = Debug|Any CPU
		{2C7B9362-19D5-4103-9C40-7353BB1AF6C3}.Debug|Any CPU.Build.0 = Debug|Any CPU
		{2C7B9362-19D5-4103-9C40-7353BB1AF6C3}.Release|Any CPU.ActiveCfg = Release|Any CPU
		{2C7B9362-19D5-4103-9C40-7353BB1AF6C3}.Release|Any CPU.Build.0 = Release|Any CPU
		{7C2E2F00-7662-4C22-8803-D2F9308CC8B1}.Debug|Any CPU.ActiveCfg = Debug|Any CPU
		{7C2E2F00-7662-4C22-8803-D2F9308CC8B1}.Debug|Any CPU.Build.0 = Debug|Any CPU
		{7C2E2F00-7662-4C22-8803-D2F9308CC8B1}.Release|Any CPU.ActiveCfg = Release|Any CPU
		{7C2E2F00-7662-4C22-8803-D2F9308CC8B1}.Release|Any CPU.Build.0 = Release|Any CPU
		{05B26EB8-5234-4FA2-BE9F-1AC98D17D020}.Debug|Any CPU.ActiveCfg = Debug|Any CPU
		{05B26EB8-5234-4FA2-BE9F-1AC98D17D020}.Debug|Any CPU.Build.0 = Debug|Any CPU
		{05B26EB8-5234-4FA2-BE9F-1AC98D17D020}.Release|Any CPU.ActiveCfg = Release|Any CPU
		{05B26EB8-5234-4FA2-BE9F-1AC98D17D020}.Release|Any CPU.Build.0 = Release|Any CPU
		{1DB27F07-824E-4C64-B9CA-13D25F384DAB}.Debug|Any CPU.ActiveCfg = Debug|Any CPU
		{1DB27F07-824E-4C64-B9CA-13D25F384DAB}.Debug|Any CPU.Build.0 = Debug|Any CPU
		{1DB27F07-824E-4C64-B9CA-13D25F384DAB}.Release|Any CPU.ActiveCfg = Release|Any CPU
		{1DB27F07-824E-4C64-B9CA-13D25F384DAB}.Release|Any CPU.Build.0 = Release|Any CPU
		{61C63D21-4435-4D37-A0BD-497536712F50}.Debug|Any CPU.ActiveCfg = Debug|Any CPU
		{61C63D21-4435-4D37-A0BD-497536712F50}.Debug|Any CPU.Build.0 = Debug|Any CPU
		{61C63D21-4435-4D37-A0BD-497536712F50}.Release|Any CPU.ActiveCfg = Release|Any CPU
		{61C63D21-4435-4D37-A0BD-497536712F50}.Release|Any CPU.Build.0 = Release|Any CPU
		{0D8B9C39-9EFE-44E2-B5C9-258BBC2650D1}.Debug|Any CPU.ActiveCfg = Debug|Any CPU
		{0D8B9C39-9EFE-44E2-B5C9-258BBC2650D1}.Debug|Any CPU.Build.0 = Debug|Any CPU
		{0D8B9C39-9EFE-44E2-B5C9-258BBC2650D1}.Release|Any CPU.ActiveCfg = Release|Any CPU
		{0D8B9C39-9EFE-44E2-B5C9-258BBC2650D1}.Release|Any CPU.Build.0 = Release|Any CPU
		{C0ADD278-BD2D-41DE-8C24-E998C7EA3E98}.Debug|Any CPU.ActiveCfg = Debug|Any CPU
		{C0ADD278-BD2D-41DE-8C24-E998C7EA3E98}.Debug|Any CPU.Build.0 = Debug|Any CPU
		{C0ADD278-BD2D-41DE-8C24-E998C7EA3E98}.Release|Any CPU.ActiveCfg = Release|Any CPU
		{C0ADD278-BD2D-41DE-8C24-E998C7EA3E98}.Release|Any CPU.Build.0 = Release|Any CPU
		{AA484970-0474-4405-8994-A1FC7E037A69}.Debug|Any CPU.ActiveCfg = Debug|Any CPU
		{AA484970-0474-4405-8994-A1FC7E037A69}.Debug|Any CPU.Build.0 = Debug|Any CPU
		{AA484970-0474-4405-8994-A1FC7E037A69}.Release|Any CPU.ActiveCfg = Release|Any CPU
		{AA484970-0474-4405-8994-A1FC7E037A69}.Release|Any CPU.Build.0 = Release|Any CPU
		{0E82DA3A-93FA-4305-903B-1CD5D4C21305}.Debug|Any CPU.ActiveCfg = Debug|Any CPU
		{0E82DA3A-93FA-4305-903B-1CD5D4C21305}.Debug|Any CPU.Build.0 = Debug|Any CPU
		{0E82DA3A-93FA-4305-903B-1CD5D4C21305}.Release|Any CPU.ActiveCfg = Release|Any CPU
		{0E82DA3A-93FA-4305-903B-1CD5D4C21305}.Release|Any CPU.Build.0 = Release|Any CPU
		{A83C337F-7076-4D84-8490-5A4B9D074A63}.Debug|Any CPU.ActiveCfg = Debug|Any CPU
		{A83C337F-7076-4D84-8490-5A4B9D074A63}.Debug|Any CPU.Build.0 = Debug|Any CPU
		{A83C337F-7076-4D84-8490-5A4B9D074A63}.Release|Any CPU.ActiveCfg = Release|Any CPU
		{A83C337F-7076-4D84-8490-5A4B9D074A63}.Release|Any CPU.Build.0 = Release|Any CPU
		{0C18D1EF-3BAD-41B5-B160-1824BE600977}.Debug|Any CPU.ActiveCfg = Debug|Any CPU
		{0C18D1EF-3BAD-41B5-B160-1824BE600977}.Debug|Any CPU.Build.0 = Debug|Any CPU
		{0C18D1EF-3BAD-41B5-B160-1824BE600977}.Release|Any CPU.ActiveCfg = Release|Any CPU
		{0C18D1EF-3BAD-41B5-B160-1824BE600977}.Release|Any CPU.Build.0 = Release|Any CPU
		{EDB5F02C-BAD1-434E-B08C-411816A12C05}.Debug|Any CPU.ActiveCfg = Debug|Any CPU
		{EDB5F02C-BAD1-434E-B08C-411816A12C05}.Debug|Any CPU.Build.0 = Debug|Any CPU
		{EDB5F02C-BAD1-434E-B08C-411816A12C05}.Release|Any CPU.ActiveCfg = Release|Any CPU
		{EDB5F02C-BAD1-434E-B08C-411816A12C05}.Release|Any CPU.Build.0 = Release|Any CPU
		{FDC3DB5E-E23A-4A6A-8B9B-DC1FF2319BD3}.Debug|Any CPU.ActiveCfg = Debug|Any CPU
		{FDC3DB5E-E23A-4A6A-8B9B-DC1FF2319BD3}.Debug|Any CPU.Build.0 = Debug|Any CPU
		{FDC3DB5E-E23A-4A6A-8B9B-DC1FF2319BD3}.Release|Any CPU.ActiveCfg = Release|Any CPU
		{FDC3DB5E-E23A-4A6A-8B9B-DC1FF2319BD3}.Release|Any CPU.Build.0 = Release|Any CPU
		{C9144B6D-05B4-463C-9EA2-DB680F08B125}.Debug|Any CPU.ActiveCfg = Debug|Any CPU
		{C9144B6D-05B4-463C-9EA2-DB680F08B125}.Debug|Any CPU.Build.0 = Debug|Any CPU
		{C9144B6D-05B4-463C-9EA2-DB680F08B125}.Release|Any CPU.ActiveCfg = Release|Any CPU
		{C9144B6D-05B4-463C-9EA2-DB680F08B125}.Release|Any CPU.Build.0 = Release|Any CPU
		{2687CB8A-25F8-4A68-B0F5-58D42210A7C7}.Debug|Any CPU.ActiveCfg = Debug|Any CPU
		{2687CB8A-25F8-4A68-B0F5-58D42210A7C7}.Debug|Any CPU.Build.0 = Debug|Any CPU
		{2687CB8A-25F8-4A68-B0F5-58D42210A7C7}.Release|Any CPU.ActiveCfg = Release|Any CPU
		{2687CB8A-25F8-4A68-B0F5-58D42210A7C7}.Release|Any CPU.Build.0 = Release|Any CPU
		{6DD879AA-22CB-42E1-AB7A-20DFF8D69360}.Debug|Any CPU.ActiveCfg = Debug|Any CPU
		{6DD879AA-22CB-42E1-AB7A-20DFF8D69360}.Debug|Any CPU.Build.0 = Debug|Any CPU
		{6DD879AA-22CB-42E1-AB7A-20DFF8D69360}.Release|Any CPU.ActiveCfg = Release|Any CPU
		{6DD879AA-22CB-42E1-AB7A-20DFF8D69360}.Release|Any CPU.Build.0 = Release|Any CPU
		{D1C286B7-AB69-4ECB-9262-CD55D70157D8}.Debug|Any CPU.ActiveCfg = Debug|Any CPU
		{D1C286B7-AB69-4ECB-9262-CD55D70157D8}.Debug|Any CPU.Build.0 = Debug|Any CPU
		{D1C286B7-AB69-4ECB-9262-CD55D70157D8}.Release|Any CPU.ActiveCfg = Release|Any CPU
		{D1C286B7-AB69-4ECB-9262-CD55D70157D8}.Release|Any CPU.Build.0 = Release|Any CPU
		{81105F2A-F78B-4EF3-929F-57B3F112ACAC}.Debug|Any CPU.ActiveCfg = Debug|Any CPU
		{81105F2A-F78B-4EF3-929F-57B3F112ACAC}.Debug|Any CPU.Build.0 = Debug|Any CPU
		{81105F2A-F78B-4EF3-929F-57B3F112ACAC}.Release|Any CPU.ActiveCfg = Release|Any CPU
		{81105F2A-F78B-4EF3-929F-57B3F112ACAC}.Release|Any CPU.Build.0 = Release|Any CPU
		{65E2A175-22AF-40BE-91E5-793EBE2CF161}.Debug|Any CPU.ActiveCfg = Debug|Any CPU
		{65E2A175-22AF-40BE-91E5-793EBE2CF161}.Debug|Any CPU.Build.0 = Debug|Any CPU
		{65E2A175-22AF-40BE-91E5-793EBE2CF161}.Release|Any CPU.ActiveCfg = Release|Any CPU
		{65E2A175-22AF-40BE-91E5-793EBE2CF161}.Release|Any CPU.Build.0 = Release|Any CPU
		{791BE3D2-C572-4D08-93A6-BB04800B6FCE}.Debug|Any CPU.ActiveCfg = Debug|Any CPU
		{791BE3D2-C572-4D08-93A6-BB04800B6FCE}.Debug|Any CPU.Build.0 = Debug|Any CPU
		{791BE3D2-C572-4D08-93A6-BB04800B6FCE}.Release|Any CPU.ActiveCfg = Release|Any CPU
		{791BE3D2-C572-4D08-93A6-BB04800B6FCE}.Release|Any CPU.Build.0 = Release|Any CPU
	EndGlobalSection
	GlobalSection(SolutionProperties) = preSolution
		HideSolutionNode = FALSE
	EndGlobalSection
	GlobalSection(NestedProjects) = preSolution
		{C3EB0200-B322-4E5A-844C-49D7834C59BA} = {02EA681E-C7D8-13C7-8484-4AC65E1B71E8}
		{D1C286B7-AB69-4ECB-9262-CD55D70157D8} = {C3EB0200-B322-4E5A-844C-49D7834C59BA}
		{81105F2A-F78B-4EF3-929F-57B3F112ACAC} = {C3EB0200-B322-4E5A-844C-49D7834C59BA}
		{65E2A175-22AF-40BE-91E5-793EBE2CF161} = {C3EB0200-B322-4E5A-844C-49D7834C59BA}
	EndGlobalSection
	GlobalSection(ExtensibilityGlobals) = postSolution
		SolutionGuid = {34CC3BCE-2EE1-4020-BE4B-33E577823146}
	EndGlobalSection
EndGlobal
